{
  "name": "dashboard",
  "lockfileVersion": 2,
  "requires": true,
  "packages": {
    "": {
      "dependencies": {
        "leaflet-control-geocoder": "^2.4.0",
        "lrm-graphhopper": "^1.3.0"
      }
    },
    "node_modules/corslite": {
      "version": "0.0.6",
      "resolved": "https://registry.npmjs.org/corslite/-/corslite-0.0.6.tgz",
      "integrity": "sha512-CqrvLTZk8IhahX7RHYxBPbTuKlpNDAnS3cYJTidbZ5yl69J20c0RojeAFQ+r6tnpuHtl2+LU4yK6Taw44SANDg==",
      "deprecated": "This module is now under the @mapbox namespace: install @mapbox/corslite instead"
    },
    "node_modules/leaflet-control-geocoder": {
      "version": "2.4.0",
      "resolved": "https://registry.npmjs.org/leaflet-control-geocoder/-/leaflet-control-geocoder-2.4.0.tgz",
      "integrity": "sha512-b2QlxuFd40uIDbnoUI3U9fzfnB4yKUYlmsXjquJ2d2YjoJqnyVYcIJeErAVv3kPvX3nI0gzvBq1XHMgSVFrGkQ==",
      "optionalDependencies": {
        "open-location-code": "^1.0.0"
      },
      "peerDependencies": {
        "leaflet": "^1.6.0"
      }
    },
    "node_modules/lrm-graphhopper": {
      "version": "1.3.0",
      "resolved": "https://registry.npmjs.org/lrm-graphhopper/-/lrm-graphhopper-1.3.0.tgz",
      "integrity": "sha512-Guvm2rGtUJU/OqymOKKtcgUORo8GCC5BGM5vwX4vaqIllEDWqPPNh60fDJoAi9/XclBPQVR5hsMsVBEjyhmljg==",
      "dependencies": {
        "corslite": "0.0.6",
        "polyline": "0.0.3"
      }
    },
    "node_modules/open-location-code": {
      "version": "1.0.3",
      "resolved": "https://registry.npmjs.org/open-location-code/-/open-location-code-1.0.3.tgz",
      "integrity": "sha512-DBm14BSn40Ee241n80zIFXIT6+y8Tb0I+jTdosLJ8Sidvr2qONvymwqymVbHV2nS+1gkDZ5eTNpnOIVV0Kn2fw==",
      "optional": true
    },
    "node_modules/polyline": {
      "version": "0.0.3",
      "resolved": "https://registry.npmjs.org/polyline/-/polyline-0.0.3.tgz",
      "integrity": "sha512-kM9l6Zi5m8GxNH4VF2amQm64gP+RcdQZN7DzwqeYZT6ILyFRhjibRAgTnV9jsckzApRByPiVOtwna1/6fOLGYg==",
      "deprecated": "This module is now under the @mapbox namespace: install @mapbox/polyline instead",
      "engines": {
        "node": "*"
      }
    }
  },
  "dependencies": {
    "corslite": {
      "version": "0.0.6",
      "resolved": "https://registry.npmjs.org/corslite/-/corslite-0.0.6.tgz",
      "integrity": "sha512-CqrvLTZk8IhahX7RHYxBPbTuKlpNDAnS3cYJTidbZ5yl69J20c0RojeAFQ+r6tnpuHtl2+LU4yK6Taw44SANDg=="
    },
    "leaflet-control-geocoder": {
      "version": "2.4.0",
      "resolved": "https://registry.npmjs.org/leaflet-control-geocoder/-/leaflet-control-geocoder-2.4.0.tgz",
      "integrity": "sha512-b2QlxuFd40uIDbnoUI3U9fzfnB4yKUYlmsXjquJ2d2YjoJqnyVYcIJeErAVv3kPvX3nI0gzvBq1XHMgSVFrGkQ==",
      "requires": {
        "open-location-code": "^1.0.0"
      }
    },
    "lrm-graphhopper": {
      "version": "1.3.0",
      "resolved": "https://registry.npmjs.org/lrm-graphhopper/-/lrm-graphhopper-1.3.0.tgz",
      "integrity": "sha512-Guvm2rGtUJU/OqymOKKtcgUORo8GCC5BGM5vwX4vaqIllEDWqPPNh60fDJoAi9/XclBPQVR5hsMsVBEjyhmljg==",
      "requires": {
        "corslite": "0.0.6",
        "polyline": "0.0.3"
      }
    },
    "open-location-code": {
      "version": "1.0.3",
      "resolved": "https://registry.npmjs.org/open-location-code/-/open-location-code-1.0.3.tgz",
      "integrity": "sha512-DBm14BSn40Ee241n80zIFXIT6+y8Tb0I+jTdosLJ8Sidvr2qONvymwqymVbHV2nS+1gkDZ5eTNpnOIVV0Kn2fw==",
      "optional": true
    },
    "polyline": {
      "version": "0.0.3",
      "resolved": "https://registry.npmjs.org/polyline/-/polyline-0.0.3.tgz",
      "integrity": "sha512-kM9l6Zi5m8GxNH4VF2amQm64gP+RcdQZN7DzwqeYZT6ILyFRhjibRAgTnV9jsckzApRByPiVOtwna1/6fOLGYg=="
    }
  }
}
